// !$*UTF8*$!
{
	archiveVersion = 1;
	classes = {
	};
	objectVersion = 46;
	objects = {

/* Begin PBXBuildFile section */
		23198555202B6E1F00B32B2F /* Game.swift in Sources */ = {isa = PBXBuildFile; fileRef = 23198554202B6E1F00B32B2F /* Game.swift */; };
		2332317E2005329F007BE9F5 /* optionsViewController.swift in Sources */ = {isa = PBXBuildFile; fileRef = 2332317D2005329F007BE9F5 /* optionsViewController.swift */; };
		23631CD21FDEFAA100FE27BA /* AppDelegate.swift in Sources */ = {isa = PBXBuildFile; fileRef = 23631CD11FDEFAA100FE27BA /* AppDelegate.swift */; };
		23631CD41FDEFAA100FE27BA /* ViewController.swift in Sources */ = {isa = PBXBuildFile; fileRef = 23631CD31FDEFAA100FE27BA /* ViewController.swift */; };
		23631CD71FDEFAA100FE27BA /* Main.storyboard in Resources */ = {isa = PBXBuildFile; fileRef = 23631CD51FDEFAA100FE27BA /* Main.storyboard */; };
		23631CD91FDEFAA100FE27BA /* Assets.xcassets in Resources */ = {isa = PBXBuildFile; fileRef = 23631CD81FDEFAA100FE27BA /* Assets.xcassets */; };
		23631CDC1FDEFAA100FE27BA /* LaunchScreen.storyboard in Resources */ = {isa = PBXBuildFile; fileRef = 23631CDA1FDEFAA100FE27BA /* LaunchScreen.storyboard */; };
		23631CE71FDEFAA100FE27BA /* MasterMind_AppTests.swift in Sources */ = {isa = PBXBuildFile; fileRef = 23631CE61FDEFAA100FE27BA /* MasterMind_AppTests.swift */; };
		23631CF21FDEFAA100FE27BA /* MasterMind_AppUITests.swift in Sources */ = {isa = PBXBuildFile; fileRef = 23631CF11FDEFAA100FE27BA /* MasterMind_AppUITests.swift */; };
		2385CE252028CD120011BD8F /* Team.swift in Sources */ = {isa = PBXBuildFile; fileRef = 2385CE242028CD120011BD8F /* Team.swift */; };
		2385CE272028CD3F0011BD8F /* App.swift in Sources */ = {isa = PBXBuildFile; fileRef = 2385CE262028CD3F0011BD8F /* App.swift */; };
		23962768202A1E9500FAD2C0 /* standingsViewController.swift in Sources */ = {isa = PBXBuildFile; fileRef = 23962767202A1E9500FAD2C0 /* standingsViewController.swift */; };
		23D67DBD2058357A00D7F007 /* gameViewController.swift in Sources */ = {isa = PBXBuildFile; fileRef = 23D67DBC2058357A00D7F007 /* gameViewController.swift */; };
		68D15C571FEC29D20013FE91 /* rulesViewController.swift in Sources */ = {isa = PBXBuildFile; fileRef = 68D15C561FEC29D20013FE91 /* rulesViewController.swift */; };
		68D15C5D1FEC2B080013FE91 /* hallOfFameViewController.swift in Sources */ = {isa = PBXBuildFile; fileRef = 68D15C5C1FEC2B080013FE91 /* hallOfFameViewController.swift */; };
		6CC28B36207BCF3C000BAAE2 /* settings.png in Resources */ = {isa = PBXBuildFile; fileRef = 6CC28B31207BCF3A000BAAE2 /* settings.png */; };
		6CC28B37207BCF3C000BAAE2 /* home.png in Resources */ = {isa = PBXBuildFile; fileRef = 6CC28B32207BCF3A000BAAE2 /* home.png */; };
		6CC28B38207BCF3C000BAAE2 /* leaderboard.png in Resources */ = {isa = PBXBuildFile; fileRef = 6CC28B33207BCF3B000BAAE2 /* leaderboard.png */; };
		6CC28B39207BCF3C000BAAE2 /* Rules.png in Resources */ = {isa = PBXBuildFile; fileRef = 6CC28B34207BCF3B000BAAE2 /* Rules.png */; };
		6CC28B3A207BCF3C000BAAE2 /* HallofFame.png in Resources */ = {isa = PBXBuildFile; fileRef = 6CC28B35207BCF3B000BAAE2 /* HallofFame.png */; };
/* End PBXBuildFile section */

/* Begin PBXContainerItemProxy section */
		23631CE31FDEFAA100FE27BA /* PBXContainerItemProxy */ = {
			isa = PBXContainerItemProxy;
			containerPortal = 23631CC61FDEFAA100FE27BA /* Project object */;
			proxyType = 1;
			remoteGlobalIDString = 23631CCD1FDEFAA100FE27BA;
			remoteInfo = "MasterMind App";
		};
		23631CEE1FDEFAA100FE27BA /* PBXContainerItemProxy */ = {
			isa = PBXContainerItemProxy;
			containerPortal = 23631CC61FDEFAA100FE27BA /* Project object */;
			proxyType = 1;
			remoteGlobalIDString = 23631CCD1FDEFAA100FE27BA;
			remoteInfo = "MasterMind App";
		};
/* End PBXContainerItemProxy section */

/* Begin PBXFileReference section */
		23198554202B6E1F00B32B2F /* Game.swift */ = {isa = PBXFileReference; fileEncoding = 4; lastKnownFileType = sourcecode.swift; path = Game.swift; sourceTree = "<group>"; };
		2332317D2005329F007BE9F5 /* optionsViewController.swift */ = {isa = PBXFileReference; fileEncoding = 4; lastKnownFileType = sourcecode.swift; path = optionsViewController.swift; sourceTree = "<group>"; };
		23631CCE1FDEFAA100FE27BA /* MasterMind App.app */ = {isa = PBXFileReference; explicitFileType = wrapper.application; includeInIndex = 0; path = "MasterMind App.app"; sourceTree = BUILT_PRODUCTS_DIR; };
		23631CD11FDEFAA100FE27BA /* AppDelegate.swift */ = {isa = PBXFileReference; lastKnownFileType = sourcecode.swift; path = AppDelegate.swift; sourceTree = "<group>"; };
		23631CD31FDEFAA100FE27BA /* ViewController.swift */ = {isa = PBXFileReference; lastKnownFileType = sourcecode.swift; path = ViewController.swift; sourceTree = "<group>"; };
		23631CD61FDEFAA100FE27BA /* Base */ = {isa = PBXFileReference; lastKnownFileType = file.storyboard; name = Base; path = Base.lproj/Main.storyboard; sourceTree = "<group>"; };
		23631CD81FDEFAA100FE27BA /* Assets.xcassets */ = {isa = PBXFileReference; lastKnownFileType = folder.assetcatalog; path = Assets.xcassets; sourceTree = "<group>"; };
		23631CDB1FDEFAA100FE27BA /* Base */ = {isa = PBXFileReference; lastKnownFileType = file.storyboard; name = Base; path = Base.lproj/LaunchScreen.storyboard; sourceTree = "<group>"; };
		23631CDD1FDEFAA100FE27BA /* Info.plist */ = {isa = PBXFileReference; lastKnownFileType = text.plist.xml; path = Info.plist; sourceTree = "<group>"; };
		23631CE21FDEFAA100FE27BA /* MasterMind AppTests.xctest */ = {isa = PBXFileReference; explicitFileType = wrapper.cfbundle; includeInIndex = 0; path = "MasterMind AppTests.xctest"; sourceTree = BUILT_PRODUCTS_DIR; };
		23631CE61FDEFAA100FE27BA /* MasterMind_AppTests.swift */ = {isa = PBXFileReference; lastKnownFileType = sourcecode.swift; path = MasterMind_AppTests.swift; sourceTree = "<group>"; };
		23631CE81FDEFAA100FE27BA /* Info.plist */ = {isa = PBXFileReference; lastKnownFileType = text.plist.xml; path = Info.plist; sourceTree = "<group>"; };
		23631CED1FDEFAA100FE27BA /* MasterMind AppUITests.xctest */ = {isa = PBXFileReference; explicitFileType = wrapper.cfbundle; includeInIndex = 0; path = "MasterMind AppUITests.xctest"; sourceTree = BUILT_PRODUCTS_DIR; };
		23631CF11FDEFAA100FE27BA /* MasterMind_AppUITests.swift */ = {isa = PBXFileReference; lastKnownFileType = sourcecode.swift; path = MasterMind_AppUITests.swift; sourceTree = "<group>"; };
		23631CF31FDEFAA100FE27BA /* Info.plist */ = {isa = PBXFileReference; lastKnownFileType = text.plist.xml; path = Info.plist; sourceTree = "<group>"; };
		2385CE242028CD120011BD8F /* Team.swift */ = {isa = PBXFileReference; fileEncoding = 4; lastKnownFileType = sourcecode.swift; path = Team.swift; sourceTree = "<group>"; };
		2385CE262028CD3F0011BD8F /* App.swift */ = {isa = PBXFileReference; fileEncoding = 4; lastKnownFileType = sourcecode.swift; path = App.swift; sourceTree = "<group>"; };
		23962767202A1E9500FAD2C0 /* standingsViewController.swift */ = {isa = PBXFileReference; fileEncoding = 4; lastKnownFileType = sourcecode.swift; path = standingsViewController.swift; sourceTree = "<group>"; };
		23D67DBC2058357A00D7F007 /* gameViewController.swift */ = {isa = PBXFileReference; lastKnownFileType = sourcecode.swift; path = gameViewController.swift; sourceTree = "<group>"; };
		68D15C561FEC29D20013FE91 /* rulesViewController.swift */ = {isa = PBXFileReference; fileEncoding = 4; lastKnownFileType = sourcecode.swift; path = rulesViewController.swift; sourceTree = "<group>"; };
		68D15C5C1FEC2B080013FE91 /* hallOfFameViewController.swift */ = {isa = PBXFileReference; fileEncoding = 4; lastKnownFileType = sourcecode.swift; path = hallOfFameViewController.swift; sourceTree = "<group>"; };
		6CC28B31207BCF3A000BAAE2 /* settings.png */ = {isa = PBXFileReference; lastKnownFileType = image.png; path = settings.png; sourceTree = "<group>"; };
		6CC28B32207BCF3A000BAAE2 /* home.png */ = {isa = PBXFileReference; lastKnownFileType = image.png; path = home.png; sourceTree = "<group>"; };
		6CC28B33207BCF3B000BAAE2 /* leaderboard.png */ = {isa = PBXFileReference; lastKnownFileType = image.png; path = leaderboard.png; sourceTree = "<group>"; };
		6CC28B34207BCF3B000BAAE2 /* Rules.png */ = {isa = PBXFileReference; lastKnownFileType = image.png; path = Rules.png; sourceTree = "<group>"; };
		6CC28B35207BCF3B000BAAE2 /* HallofFame.png */ = {isa = PBXFileReference; lastKnownFileType = image.png; path = HallofFame.png; sourceTree = "<group>"; };
/* End PBXFileReference section */

/* Begin PBXFrameworksBuildPhase section */
		23631CCB1FDEFAA100FE27BA /* Frameworks */ = {
			isa = PBXFrameworksBuildPhase;
			buildActionMask = 2147483647;
			files = (
			);
			runOnlyForDeploymentPostprocessing = 0;
		};
		23631CDF1FDEFAA100FE27BA /* Frameworks */ = {
			isa = PBXFrameworksBuildPhase;
			buildActionMask = 2147483647;
			files = (
			);
			runOnlyForDeploymentPostprocessing = 0;
		};
		23631CEA1FDEFAA100FE27BA /* Frameworks */ = {
			isa = PBXFrameworksBuildPhase;
			buildActionMask = 2147483647;
			files = (
			);
			runOnlyForDeploymentPostprocessing = 0;
		};
/* End PBXFrameworksBuildPhase section */

/* Begin PBXGroup section */
		23631CC51FDEFAA100FE27BA = {
			isa = PBXGroup;
			children = (
				23631CD01FDEFAA100FE27BA /* MasterMind App */,
				23631CE51FDEFAA100FE27BA /* MasterMind AppTests */,
				23631CF01FDEFAA100FE27BA /* MasterMind AppUITests */,
				23631CCF1FDEFAA100FE27BA /* Products */,
			);
			sourceTree = "<group>";
		};
		23631CCF1FDEFAA100FE27BA /* Products */ = {
			isa = PBXGroup;
			children = (
				23631CCE1FDEFAA100FE27BA /* MasterMind App.app */,
				23631CE21FDEFAA100FE27BA /* MasterMind AppTests.xctest */,
				23631CED1FDEFAA100FE27BA /* MasterMind AppUITests.xctest */,
			);
			name = Products;
			sourceTree = "<group>";
		};
		23631CD01FDEFAA100FE27BA /* MasterMind App */ = {
			isa = PBXGroup;
			children = (
				6CC28B35207BCF3B000BAAE2 /* HallofFame.png */,
				6CC28B32207BCF3A000BAAE2 /* home.png */,
				6CC28B33207BCF3B000BAAE2 /* leaderboard.png */,
				6CC28B34207BCF3B000BAAE2 /* Rules.png */,
				6CC28B31207BCF3A000BAAE2 /* settings.png */,
				23631CD11FDEFAA100FE27BA /* AppDelegate.swift */,
				2385CE262028CD3F0011BD8F /* App.swift */,
				23198554202B6E1F00B32B2F /* Game.swift */,
				2385CE242028CD120011BD8F /* Team.swift */,
				23631CD31FDEFAA100FE27BA /* ViewController.swift */,
				68D15C561FEC29D20013FE91 /* rulesViewController.swift */,
				23D67DBC2058357A00D7F007 /* gameViewController.swift */,
				2332317D2005329F007BE9F5 /* optionsViewController.swift */,
				23962767202A1E9500FAD2C0 /* standingsViewController.swift */,
				68D15C5C1FEC2B080013FE91 /* hallOfFameViewController.swift */,
				23631CD51FDEFAA100FE27BA /* Main.storyboard */,
				23631CD81FDEFAA100FE27BA /* Assets.xcassets */,
				23631CDA1FDEFAA100FE27BA /* LaunchScreen.storyboard */,
				23631CDD1FDEFAA100FE27BA /* Info.plist */,
			);
			path = "MasterMind App";
			sourceTree = "<group>";
		};
		23631CE51FDEFAA100FE27BA /* MasterMind AppTests */ = {
			isa = PBXGroup;
			children = (
				23631CE61FDEFAA100FE27BA /* MasterMind_AppTests.swift */,
				23631CE81FDEFAA100FE27BA /* Info.plist */,
			);
			path = "MasterMind AppTests";
			sourceTree = "<group>";
		};
		23631CF01FDEFAA100FE27BA /* MasterMind AppUITests */ = {
			isa = PBXGroup;
			children = (
				23631CF11FDEFAA100FE27BA /* MasterMind_AppUITests.swift */,
				23631CF31FDEFAA100FE27BA /* Info.plist */,
			);
			path = "MasterMind AppUITests";
			sourceTree = "<group>";
		};
/* End PBXGroup section */

/* Begin PBXNativeTarget section */
		23631CCD1FDEFAA100FE27BA /* MasterMind App */ = {
			isa = PBXNativeTarget;
			buildConfigurationList = 23631CF61FDEFAA100FE27BA /* Build configuration list for PBXNativeTarget "MasterMind App" */;
			buildPhases = (
				23631CCA1FDEFAA100FE27BA /* Sources */,
				23631CCB1FDEFAA100FE27BA /* Frameworks */,
				23631CCC1FDEFAA100FE27BA /* Resources */,
			);
			buildRules = (
			);
			dependencies = (
			);
			name = "MasterMind App";
			productName = "MasterMind App";
			productReference = 23631CCE1FDEFAA100FE27BA /* MasterMind App.app */;
			productType = "com.apple.product-type.application";
		};
		23631CE11FDEFAA100FE27BA /* MasterMind AppTests */ = {
			isa = PBXNativeTarget;
			buildConfigurationList = 23631CF91FDEFAA100FE27BA /* Build configuration list for PBXNativeTarget "MasterMind AppTests" */;
			buildPhases = (
				23631CDE1FDEFAA100FE27BA /* Sources */,
				23631CDF1FDEFAA100FE27BA /* Frameworks */,
				23631CE01FDEFAA100FE27BA /* Resources */,
			);
			buildRules = (
			);
			dependencies = (
				23631CE41FDEFAA100FE27BA /* PBXTargetDependency */,
			);
			name = "MasterMind AppTests";
			productName = "MasterMind AppTests";
			productReference = 23631CE21FDEFAA100FE27BA /* MasterMind AppTests.xctest */;
			productType = "com.apple.product-type.bundle.unit-test";
		};
		23631CEC1FDEFAA100FE27BA /* MasterMind AppUITests */ = {
			isa = PBXNativeTarget;
			buildConfigurationList = 23631CFC1FDEFAA100FE27BA /* Build configuration list for PBXNativeTarget "MasterMind AppUITests" */;
			buildPhases = (
				23631CE91FDEFAA100FE27BA /* Sources */,
				23631CEA1FDEFAA100FE27BA /* Frameworks */,
				23631CEB1FDEFAA100FE27BA /* Resources */,
			);
			buildRules = (
			);
			dependencies = (
				23631CEF1FDEFAA100FE27BA /* PBXTargetDependency */,
			);
			name = "MasterMind AppUITests";
			productName = "MasterMind AppUITests";
			productReference = 23631CED1FDEFAA100FE27BA /* MasterMind AppUITests.xctest */;
			productType = "com.apple.product-type.bundle.ui-testing";
		};
/* End PBXNativeTarget section */

/* Begin PBXProject section */
		23631CC61FDEFAA100FE27BA /* Project object */ = {
			isa = PBXProject;
			attributes = {
				LastSwiftUpdateCheck = 0830;
				LastUpgradeCheck = 0920;
				ORGANIZATIONNAME = District196;
				TargetAttributes = {
					23631CCD1FDEFAA100FE27BA = {
						CreatedOnToolsVersion = 8.3.3;
						LastSwiftMigration = 0920;
						ProvisioningStyle = Automatic;
					};
					23631CE11FDEFAA100FE27BA = {
						CreatedOnToolsVersion = 8.3.3;
						LastSwiftMigration = 0920;
						ProvisioningStyle = Automatic;
						TestTargetID = 23631CCD1FDEFAA100FE27BA;
					};
					23631CEC1FDEFAA100FE27BA = {
						CreatedOnToolsVersion = 8.3.3;
						LastSwiftMigration = 0920;
						ProvisioningStyle = Automatic;
						TestTargetID = 23631CCD1FDEFAA100FE27BA;
					};
				};
			};
			buildConfigurationList = 23631CC91FDEFAA100FE27BA /* Build configuration list for PBXProject "MasterMind App" */;
			compatibilityVersion = "Xcode 3.2";
			developmentRegion = English;
			hasScannedForEncodings = 0;
			knownRegions = (
				en,
				Base,
			);
			mainGroup = 23631CC51FDEFAA100FE27BA;
			productRefGroup = 23631CCF1FDEFAA100FE27BA /* Products */;
			projectDirPath = "";
			projectRoot = "";
			targets = (
				23631CCD1FDEFAA100FE27BA /* MasterMind App */,
				23631CE11FDEFAA100FE27BA /* MasterMind AppTests */,
				23631CEC1FDEFAA100FE27BA /* MasterMind AppUITests */,
			);
		};
/* End PBXProject section */

/* Begin PBXResourcesBuildPhase section */
		23631CCC1FDEFAA100FE27BA /* Resources */ = {
			isa = PBXResourcesBuildPhase;
			buildActionMask = 2147483647;
			files = (
				23631CDC1FDEFAA100FE27BA /* LaunchScreen.storyboard in Resources */,
				6CC28B3A207BCF3C000BAAE2 /* HallofFame.png in Resources */,
				6CC28B38207BCF3C000BAAE2 /* leaderboard.png in Resources */,
				6CC28B36207BCF3C000BAAE2 /* settings.png in Resources */,
				6CC28B37207BCF3C000BAAE2 /* home.png in Resources */,
				23631CD91FDEFAA100FE27BA /* Assets.xcassets in Resources */,
				23631CD71FDEFAA100FE27BA /* Main.storyboard in Resources */,
				6CC28B39207BCF3C000BAAE2 /* Rules.png in Resources */,
			);
			runOnlyForDeploymentPostprocessing = 0;
		};
		23631CE01FDEFAA100FE27BA /* Resources */ = {
			isa = PBXResourcesBuildPhase;
			buildActionMask = 2147483647;
			files = (
			);
			runOnlyForDeploymentPostprocessing = 0;
		};
		23631CEB1FDEFAA100FE27BA /* Resources */ = {
			isa = PBXResourcesBuildPhase;
			buildActionMask = 2147483647;
			files = (
			);
			runOnlyForDeploymentPostprocessing = 0;
		};
/* End PBXResourcesBuildPhase section */

/* Begin PBXSourcesBuildPhase section */
		23631CCA1FDEFAA100FE27BA /* Sources */ = {
			isa = PBXSourcesBuildPhase;
			buildActionMask = 2147483647;
			files = (
				68D15C571FEC29D20013FE91 /* rulesViewController.swift in Sources */,
				23198555202B6E1F00B32B2F /* Game.swift in Sources */,
				23631CD41FDEFAA100FE27BA /* ViewController.swift in Sources */,
				23962768202A1E9500FAD2C0 /* standingsViewController.swift in Sources */,
				2385CE252028CD120011BD8F /* Team.swift in Sources */,
				68D15C5D1FEC2B080013FE91 /* hallOfFameViewController.swift in Sources */,
				2385CE272028CD3F0011BD8F /* App.swift in Sources */,
				23631CD21FDEFAA100FE27BA /* AppDelegate.swift in Sources */,
				23D67DBD2058357A00D7F007 /* gameViewController.swift in Sources */,
				2332317E2005329F007BE9F5 /* optionsViewController.swift in Sources */,
			);
			runOnlyForDeploymentPostprocessing = 0;
		};
		23631CDE1FDEFAA100FE27BA /* Sources */ = {
			isa = PBXSourcesBuildPhase;
			buildActionMask = 2147483647;
			files = (
				23631CE71FDEFAA100FE27BA /* MasterMind_AppTests.swift in Sources */,
			);
			runOnlyForDeploymentPostprocessing = 0;
		};
		23631CE91FDEFAA100FE27BA /* Sources */ = {
			isa = PBXSourcesBuildPhase;
			buildActionMask = 2147483647;
			files = (
				23631CF21FDEFAA100FE27BA /* MasterMind_AppUITests.swift in Sources */,
			);
			runOnlyForDeploymentPostprocessing = 0;
		};
/* End PBXSourcesBuildPhase section */

/* Begin PBXTargetDependency section */
		23631CE41FDEFAA100FE27BA /* PBXTargetDependency */ = {
			isa = PBXTargetDependency;
			target = 23631CCD1FDEFAA100FE27BA /* MasterMind App */;
			targetProxy = 23631CE31FDEFAA100FE27BA /* PBXContainerItemProxy */;
		};
		23631CEF1FDEFAA100FE27BA /* PBXTargetDependency */ = {
			isa = PBXTargetDependency;
			target = 23631CCD1FDEFAA100FE27BA /* MasterMind App */;
			targetProxy = 23631CEE1FDEFAA100FE27BA /* PBXContainerItemProxy */;
		};
/* End PBXTargetDependency section */

/* Begin PBXVariantGroup section */
		23631CD51FDEFAA100FE27BA /* Main.storyboard */ = {
			isa = PBXVariantGroup;
			children = (
				23631CD61FDEFAA100FE27BA /* Base */,
			);
			name = Main.storyboard;
			sourceTree = "<group>";
		};
		23631CDA1FDEFAA100FE27BA /* LaunchScreen.storyboard */ = {
			isa = PBXVariantGroup;
			children = (
				23631CDB1FDEFAA100FE27BA /* Base */,
			);
			name = LaunchScreen.storyboard;
			sourceTree = "<group>";
		};
/* End PBXVariantGroup section */

/* Begin XCBuildConfiguration section */
		23631CF41FDEFAA100FE27BA /* Debug */ = {
			isa = XCBuildConfiguration;
			buildSettings = {
				ALWAYS_SEARCH_USER_PATHS = NO;
				CLANG_ANALYZER_NONNULL = YES;
				CLANG_ANALYZER_NUMBER_OBJECT_CONVERSION = YES_AGGRESSIVE;
				CLANG_CXX_LANGUAGE_STANDARD = "gnu++0x";
				CLANG_CXX_LIBRARY = "libc++";
				CLANG_ENABLE_MODULES = YES;
				CLANG_ENABLE_OBJC_ARC = YES;
				CLANG_WARN_BLOCK_CAPTURE_AUTORELEASING = YES;
				CLANG_WARN_BOOL_CONVERSION = YES;
				CLANG_WARN_COMMA = YES;
				CLANG_WARN_CONSTANT_CONVERSION = YES;
				CLANG_WARN_DIRECT_OBJC_ISA_USAGE = YES_ERROR;
				CLANG_WARN_DOCUMENTATION_COMMENTS = YES;
				CLANG_WARN_EMPTY_BODY = YES;
				CLANG_WARN_ENUM_CONVERSION = YES;
				CLANG_WARN_INFINITE_RECURSION = YES;
				CLANG_WARN_INT_CONVERSION = YES;
				CLANG_WARN_NON_LITERAL_NULL_CONVERSION = YES;
				CLANG_WARN_OBJC_LITERAL_CONVERSION = YES;
				CLANG_WARN_OBJC_ROOT_CLASS = YES_ERROR;
				CLANG_WARN_RANGE_LOOP_ANALYSIS = YES;
				CLANG_WARN_STRICT_PROTOTYPES = YES;
				CLANG_WARN_SUSPICIOUS_MOVE = YES;
				CLANG_WARN_UNREACHABLE_CODE = YES;
				CLANG_WARN__DUPLICATE_METHOD_MATCH = YES;
				"CODE_SIGN_IDENTITY[sdk=iphoneos*]" = "iPhone Developer";
				COPY_PHASE_STRIP = NO;
				DEBUG_INFORMATION_FORMAT = dwarf;
				ENABLE_STRICT_OBJC_MSGSEND = YES;
				ENABLE_TESTABILITY = YES;
				GCC_C_LANGUAGE_STANDARD = gnu99;
				GCC_DYNAMIC_NO_PIC = NO;
				GCC_NO_COMMON_BLOCKS = YES;
				GCC_OPTIMIZATION_LEVEL = 0;
				GCC_PREPROCESSOR_DEFINITIONS = (
					"DEBUG=1",
					"$(inherited)",
				);
				GCC_WARN_64_TO_32_BIT_CONVERSION = YES;
				GCC_WARN_ABOUT_RETURN_TYPE = YES_ERROR;
				GCC_WARN_UNDECLARED_SELECTOR = YES;
				GCC_WARN_UNINITIALIZED_AUTOS = YES_AGGRESSIVE;
				GCC_WARN_UNUSED_FUNCTION = YES;
				GCC_WARN_UNUSED_VARIABLE = YES;
				IPHONEOS_DEPLOYMENT_TARGET = 10.3;
				MTL_ENABLE_DEBUG_INFO = YES;
				ONLY_ACTIVE_ARCH = YES;
				SDKROOT = iphoneos;
				SWIFT_ACTIVE_COMPILATION_CONDITIONS = DEBUG;
				SWIFT_OPTIMIZATION_LEVEL = "-Onone";
				SWIFT_SWIFT3_OBJC_INFERENCE = Default;
				TARGETED_DEVICE_FAMILY = "1,2";
			};
			name = Debug;
		};
		23631CF51FDEFAA100FE27BA /* Release */ = {
			isa = XCBuildConfiguration;
			buildSettings = {
				ALWAYS_SEARCH_USER_PATHS = NO;
				CLANG_ANALYZER_NONNULL = YES;
				CLANG_ANALYZER_NUMBER_OBJECT_CONVERSION = YES_AGGRESSIVE;
				CLANG_CXX_LANGUAGE_STANDARD = "gnu++0x";
				CLANG_CXX_LIBRARY = "libc++";
				CLANG_ENABLE_MODULES = YES;
				CLANG_ENABLE_OBJC_ARC = YES;
				CLANG_WARN_BLOCK_CAPTURE_AUTORELEASING = YES;
				CLANG_WARN_BOOL_CONVERSION = YES;
				CLANG_WARN_COMMA = YES;
				CLANG_WARN_CONSTANT_CONVERSION = YES;
				CLANG_WARN_DIRECT_OBJC_ISA_USAGE = YES_ERROR;
				CLANG_WARN_DOCUMENTATION_COMMENTS = YES;
				CLANG_WARN_EMPTY_BODY = YES;
				CLANG_WARN_ENUM_CONVERSION = YES;
				CLANG_WARN_INFINITE_RECURSION = YES;
				CLANG_WARN_INT_CONVERSION = YES;
				CLANG_WARN_NON_LITERAL_NULL_CONVERSION = YES;
				CLANG_WARN_OBJC_LITERAL_CONVERSION = YES;
				CLANG_WARN_OBJC_ROOT_CLASS = YES_ERROR;
				CLANG_WARN_RANGE_LOOP_ANALYSIS = YES;
				CLANG_WARN_STRICT_PROTOTYPES = YES;
				CLANG_WARN_SUSPICIOUS_MOVE = YES;
				CLANG_WARN_UNREACHABLE_CODE = YES;
				CLANG_WARN__DUPLICATE_METHOD_MATCH = YES;
				"CODE_SIGN_IDENTITY[sdk=iphoneos*]" = "iPhone Developer";
				COPY_PHASE_STRIP = NO;
				DEBUG_INFORMATION_FORMAT = "dwarf-with-dsym";
				ENABLE_NS_ASSERTIONS = NO;
				ENABLE_STRICT_OBJC_MSGSEND = YES;
				GCC_C_LANGUAGE_STANDARD = gnu99;
				GCC_NO_COMMON_BLOCKS = YES;
				GCC_WARN_64_TO_32_BIT_CONVERSION = YES;
				GCC_WARN_ABOUT_RETURN_TYPE = YES_ERROR;
				GCC_WARN_UNDECLARED_SELECTOR = YES;
				GCC_WARN_UNINITIALIZED_AUTOS = YES_AGGRESSIVE;
				GCC_WARN_UNUSED_FUNCTION = YES;
				GCC_WARN_UNUSED_VARIABLE = YES;
				IPHONEOS_DEPLOYMENT_TARGET = 10.3;
				MTL_ENABLE_DEBUG_INFO = NO;
				SDKROOT = iphoneos;
				SWIFT_OPTIMIZATION_LEVEL = "-Owholemodule";
				SWIFT_SWIFT3_OBJC_INFERENCE = Default;
				TARGETED_DEVICE_FAMILY = "1,2";
				VALIDATE_PRODUCT = YES;
			};
			name = Release;
		};
		23631CF71FDEFAA100FE27BA /* Debug */ = {
			isa = XCBuildConfiguration;
			buildSettings = {
				ASSETCATALOG_COMPILER_APPICON_NAME = AppIcon;
				INFOPLIST_FILE = "MasterMind App/Info.plist";
				LD_RUNPATH_SEARCH_PATHS = "$(inherited) @executable_path/Frameworks";
				PRODUCT_BUNDLE_IDENTIFIER = "org.distrcit196.MasterMind-App";
				PRODUCT_NAME = "$(TARGET_NAME)";
				SWIFT_SWIFT3_OBJC_INFERENCE = Default;
				SWIFT_VERSION = 4.0;
			};
			name = Debug;
		};
		23631CF81FDEFAA100FE27BA /* Release */ = {
			isa = XCBuildConfiguration;
			buildSettings = {
				ASSETCATALOG_COMPILER_APPICON_NAME = AppIcon;
				INFOPLIST_FILE = "MasterMind App/Info.plist";
				LD_RUNPATH_SEARCH_PATHS = "$(inherited) @executable_path/Frameworks";
				PRODUCT_BUNDLE_IDENTIFIER = "org.distrcit196.MasterMind-App";
				PRODUCT_NAME = "$(TARGET_NAME)";
				SWIFT_SWIFT3_OBJC_INFERENCE = Default;
				SWIFT_VERSION = 4.0;
			};
			name = Release;
		};
		23631CFA1FDEFAA100FE27BA /* Debug */ = {
			isa = XCBuildConfiguration;
			buildSettings = {
				ALWAYS_EMBED_SWIFT_STANDARD_LIBRARIES = YES;
				BUNDLE_LOADER = "$(TEST_HOST)";
				INFOPLIST_FILE = "MasterMind AppTests/Info.plist";
				LD_RUNPATH_SEARCH_PATHS = "$(inherited) @executable_path/Frameworks @loader_path/Frameworks";
				PRODUCT_BUNDLE_IDENTIFIER = "org.distrcit196.MasterMind-AppTests";
				PRODUCT_NAME = "$(TARGET_NAME)";
				SWIFT_SWIFT3_OBJC_INFERENCE = Default;
				SWIFT_VERSION = 4.0;
				TEST_HOST = "$(BUILT_PRODUCTS_DIR)/MasterMind App.app/MasterMind App";
			};
			name = Debug;
		};
		23631CFB1FDEFAA100FE27BA /* Release */ = {
			isa = XCBuildConfiguration;
			buildSettings = {
				ALWAYS_EMBED_SWIFT_STANDARD_LIBRARIES = YES;
				BUNDLE_LOADER = "$(TEST_HOST)";
				INFOPLIST_FILE = "MasterMind AppTests/Info.plist";
				LD_RUNPATH_SEARCH_PATHS = "$(inherited) @executable_path/Frameworks @loader_path/Frameworks";
				PRODUCT_BUNDLE_IDENTIFIER = "org.distrcit196.MasterMind-AppTests";
				PRODUCT_NAME = "$(TARGET_NAME)";
				SWIFT_SWIFT3_OBJC_INFERENCE = Default;
				SWIFT_VERSION = 4.0;
				TEST_HOST = "$(BUILT_PRODUCTS_DIR)/MasterMind App.app/MasterMind App";
			};
			name = Release;
		};
		23631CFD1FDEFAA100FE27BA /* Debug */ = {
			isa = XCBuildConfiguration;
			buildSettings = {
				ALWAYS_EMBED_SWIFT_STANDARD_LIBRARIES = YES;
				INFOPLIST_FILE = "MasterMind AppUITests/Info.plist";
				LD_RUNPATH_SEARCH_PATHS = "$(inherited) @executable_path/Frameworks @loader_path/Frameworks";
				PRODUCT_BUNDLE_IDENTIFIER = "org.distrcit196.MasterMind-AppUITests";
				PRODUCT_NAME = "$(TARGET_NAME)";
				SWIFT_SWIFT3_OBJC_INFERENCE = Default;
				SWIFT_VERSION = 4.0;
				TEST_TARGET_NAME = "MasterMind App";
			};
			name = Debug;
		};
		23631CFE1FDEFAA100FE27BA /* Release */ = {
			isa = XCBuildConfiguration;
			buildSettings = {
				ALWAYS_EMBED_SWIFT_STANDARD_LIBRARIES = YES;
				INFOPLIST_FILE = "MasterMind AppUITests/Info.plist";
				LD_RUNPATH_SEARCH_PATHS = "$(inherited) @executable_path/Frameworks @loader_path/Frameworks";
				PRODUCT_BUNDLE_IDENTIFIER = "org.distrcit196.MasterMind-AppUITests";
				PRODUCT_NAME = "$(TARGET_NAME)";
				SWIFT_SWIFT3_OBJC_INFERENCE = Default;
				SWIFT_VERSION = 4.0;
				TEST_TARGET_NAME = "MasterMind App";
			};
			name = Release;
		};
/* End XCBuildConfiguration section */

/* Begin XCConfigurationList section */
		23631CC91FDEFAA100FE27BA /* Build configuration list for PBXProject "MasterMind App" */ = {
			isa = XCConfigurationList;
			buildConfigurations = (
				23631CF41FDEFAA100FE27BA /* Debug */,
				23631CF51FDEFAA100FE27BA /* Release */,
			);
			defaultConfigurationIsVisible = 0;
			defaultConfigurationName = Release;
		};
		23631CF61FDEFAA100FE27BA /* Build configuration list for PBXNativeTarget "MasterMind App" */ = {
			isa = XCConfigurationList;
			buildConfigurations = (
				23631CF71FDEFAA100FE27BA /* Debug */,
				23631CF81FDEFAA100FE27BA /* Release */,
			);
			defaultConfigurationIsVisible = 0;
			defaultConfigurationName = Release;
		};
		23631CF91FDEFAA100FE27BA /* Build configuration list for PBXNativeTarget "MasterMind AppTests" */ = {
			isa = XCConfigurationList;
			buildConfigurations = (
				23631CFA1FDEFAA100FE27BA /* Debug */,
				23631CFB1FDEFAA100FE27BA /* Release */,
			);
			defaultConfigurationIsVisible = 0;
			defaultConfigurationName = Release;
		};
		23631CFC1FDEFAA100FE27BA /* Build configuration list for PBXNativeTarget "MasterMind AppUITests" */ = {
			isa = XCConfigurationList;
			buildConfigurations = (
				23631CFD1FDEFAA100FE27BA /* Debug */,
				23631CFE1FDEFAA100FE27BA /* Release */,
			);
			defaultConfigurationIsVisible = 0;
			defaultConfigurationName = Release;
		};
/* End XCConfigurationList section */
	};
	rootObject = 23631CC61FDEFAA100FE27BA /* Project object */;
}
